{
  "name": "TA17-Feeling-Arts",
  "lockfileVersion": 2,
  "requires": true,
  "packages": {
    "": {
      "dependencies": {
        "@fortawesome/fontawesome-free": "^6.1.1",
        "@fortawesome/fontawesome-free-solid": "^5.0.13",
        "@fortawesome/react-fontawesome": "^0.1.18",
        "react-youtube": "^9.0.1"
      }
    },
    "node_modules/@fortawesome/fontawesome-common-types": {
      "version": "6.1.1",
      "resolved": "https://registry.npmjs.org/@fortawesome/fontawesome-common-types/-/fontawesome-common-types-6.1.1.tgz",
      "integrity": "sha512-wVn5WJPirFTnzN6tR95abCx+ocH+3IFLXAgyavnf9hUmN0CfWoDjPT/BAWsUVwSlYYVBeCLJxaqi7ZGe4uSjBA==",
      "hasInstallScript": true,
      "peer": true,
      "engines": {
        "node": ">=6"
      }
    },
    "node_modules/@fortawesome/fontawesome-free": {
      "version": "6.1.1",
      "resolved": "https://registry.npmjs.org/@fortawesome/fontawesome-free/-/fontawesome-free-6.1.1.tgz",
      "integrity": "sha512-J/3yg2AIXc9wznaVqpHVX3Wa5jwKovVF0AMYSnbmcXTiL3PpRPfF58pzWucCwEiCJBp+hCNRLWClTomD8SseKg==",
      "hasInstallScript": true,
      "engines": {
        "node": ">=6"
      }
    },
    "node_modules/@fortawesome/fontawesome-free-solid": {
      "version": "5.0.13",
      "resolved": "https://registry.npmjs.org/@fortawesome/fontawesome-free-solid/-/fontawesome-free-solid-5.0.13.tgz",
      "integrity": "sha512-b+krVnqkdDt52Yfev0x0ZZgtxBQsLw00Zfa3uaVWIDzpNZVtrEXuxldUSUaN/ihgGhSNi8VpvDAdNPVgCKOSxw==",
      "deprecated": "This package is deprecated. See https://git.io/fNCzJ for information about upgrading.",
      "dependencies": {
        "@fortawesome/fontawesome-common-types": "^0.1.7"
      },
      "engines": {
        "node": ">=6"
      }
    },
    "node_modules/@fortawesome/fontawesome-free-solid/node_modules/@fortawesome/fontawesome-common-types": {
      "version": "0.1.7",
      "resolved": "https://registry.npmjs.org/@fortawesome/fontawesome-common-types/-/fontawesome-common-types-0.1.7.tgz",
      "integrity": "sha512-ego8jRVSHfq/iq4KRZJKQeUAdi3ZjGNrqw4oPN3fNdvTBnLCSntwVCnc37bsAJP9UB8MhrTfPnZYxkv2vpS4pg==",
      "engines": {
        "node": ">=6"
      }
    },
    "node_modules/@fortawesome/fontawesome-svg-core": {
      "version": "6.1.1",
      "resolved": "https://registry.npmjs.org/@fortawesome/fontawesome-svg-core/-/fontawesome-svg-core-6.1.1.tgz",
      "integrity": "sha512-NCg0w2YIp81f4V6cMGD9iomfsIj7GWrqmsa0ZsPh59G7PKiGN1KymZNxmF00ssuAlo/VZmpK6xazsGOwzKYUMg==",
      "hasInstallScript": true,
      "peer": true,
      "dependencies": {
        "@fortawesome/fontawesome-common-types": "6.1.1"
      },
      "engines": {
        "node": ">=6"
      }
    },
    "node_modules/@fortawesome/react-fontawesome": {
      "version": "0.1.18",
      "resolved": "https://registry.npmjs.org/@fortawesome/react-fontawesome/-/react-fontawesome-0.1.18.tgz",
      "integrity": "sha512-RwLIB4TZw0M9gvy5u+TusAA0afbwM4JQIimNH/j3ygd6aIvYPQLqXMhC9ErY26J23rDPyDZldIfPq/HpTTJ/tQ==",
      "dependencies": {
        "prop-types": "^15.8.1"
      },
      "peerDependencies": {
        "@fortawesome/fontawesome-svg-core": "~1 || ~6",
        "react": ">=16.x"
      }
    },
    "node_modules/debug": {
      "version": "2.6.9",
      "resolved": "https://registry.npmjs.org/debug/-/debug-2.6.9.tgz",
      "integrity": "sha512-bC7ElrdJaJnPbAP+1EotYvqZsb3ecl5wi6Bfi6BJTUcNowp6cvspg0jXznRTKDjm/E7AdgFBVeAPVMNcKGsHMA==",
      "dependencies": {
        "ms": "2.0.0"
      }
    },
    "node_modules/fast-deep-equal": {
      "version": "3.1.3",
      "resolved": "https://registry.npmjs.org/fast-deep-equal/-/fast-deep-equal-3.1.3.tgz",
      "integrity": "sha512-f3qQ9oQy9j2AhBe/H9VC91wLmKBCCU/gDOnKNAYG5hswO7BLKj09Hc5HYNz9cGI++xlpDCIgDaitVs03ATR84Q=="
    },
    "node_modules/js-tokens": {
      "version": "4.0.0",
      "resolved": "https://registry.npmjs.org/js-tokens/-/js-tokens-4.0.0.tgz",
      "integrity": "sha512-RdJUflcE3cUzKiMqQgsCu06FPu9UdIJO0beYbPhHN4k6apgJtifcoCtT9bcxOpYBtpD2kCM6Sbzg4CausW/PKQ=="
    },
    "node_modules/load-script": {
      "version": "1.0.0",
      "resolved": "https://registry.npmjs.org/load-script/-/load-script-1.0.0.tgz",
      "integrity": "sha1-BJGTngvuVkPuSUp+PaPSuscMbKQ="
    },
    "node_modules/loose-envify": {
      "version": "1.4.0",
      "resolved": "https://registry.npmjs.org/loose-envify/-/loose-envify-1.4.0.tgz",
      "integrity": "sha512-lyuxPGr/Wfhrlem2CL/UcnUc1zcqKAImBDzukY7Y5F/yQiNdko6+fRLevlw1HgMySw7f611UIY408EtxRSoK3Q==",
      "dependencies": {
        "js-tokens": "^3.0.0 || ^4.0.0"
      },
      "bin": {
        "loose-envify": "cli.js"
      }
    },
    "node_modules/ms": {
      "version": "2.0.0",
      "resolved": "https://registry.npmjs.org/ms/-/ms-2.0.0.tgz",
      "integrity": "sha1-VgiurfwAvmwpAd9fmGF4jeDVl8g="
    },
    "node_modules/object-assign": {
      "version": "4.1.1",
      "resolved": "https://registry.npmjs.org/object-assign/-/object-assign-4.1.1.tgz",
      "integrity": "sha1-IQmtx5ZYh8/AXLvUQsrIv7s2CGM=",
      "engines": {
        "node": ">=0.10.0"
      }
    },
    "node_modules/prop-types": {
      "version": "15.8.1",
      "resolved": "https://registry.npmjs.org/prop-types/-/prop-types-15.8.1.tgz",
      "integrity": "sha512-oj87CgZICdulUohogVAR7AjlC0327U4el4L6eAvOqCeudMDVU0NThNaV+b9Df4dXgSP1gXMTnPdhfe/2qDH5cg==",
      "dependencies": {
        "loose-envify": "^1.4.0",
        "object-assign": "^4.1.1",
        "react-is": "^16.13.1"
      }
    },
    "node_modules/react": {
      "version": "16.14.0",
      "resolved": "https://registry.npmjs.org/react/-/react-16.14.0.tgz",
      "integrity": "sha512-0X2CImDkJGApiAlcf0ODKIneSwBPhqJawOa5wCtKbu7ZECrmS26NvtSILynQ66cgkT/RJ4LidJOc3bUESwmU8g==",
      "peer": true,
      "dependencies": {
        "loose-envify": "^1.1.0",
        "object-assign": "^4.1.1",
        "prop-types": "^15.6.2"
      },
      "engines": {
        "node": ">=0.10.0"
      }
    },
    "node_modules/react-is": {
      "version": "16.13.1",
      "resolved": "https://registry.npmjs.org/react-is/-/react-is-16.13.1.tgz",
      "integrity": "sha512-24e6ynE2H+OKt4kqsOvNd8kBpV65zoxbA4BVsEOB3ARVWQki/DHzaUoC5KuON/BiccDaCCTZBuOcfZs70kR8bQ=="
    },
    "node_modules/react-youtube": {
      "version": "9.0.1",
      "resolved": "https://registry.npmjs.org/react-youtube/-/react-youtube-9.0.1.tgz",
      "integrity": "sha512-w2yt3o1H0fjlMjoqn8zEmtCqgiV+bYS1JfMSUfh70zky2rwWVORQzpt2DWoDio1+nZ1X9kSTzakdif6gaJdFuQ==",
      "dependencies": {
        "fast-deep-equal": "3.1.3",
        "prop-types": "15.8.1",
        "youtube-player": "5.5.2"
      },
      "engines": {
        "node": ">= 14.x"
      },
      "peerDependencies": {
        "react": ">=0.14.1"
      }
    },
    "node_modules/sister": {
      "version": "3.0.2",
      "resolved": "https://registry.npmjs.org/sister/-/sister-3.0.2.tgz",
      "integrity": "sha512-p19rtTs+NksBRKW9qn0UhZ8/TUI9BPw9lmtHny+Y3TinWlOa9jWh9xB0AtPSdmOy49NJJJSSe0Ey4C7h0TrcYA=="
    },
    "node_modules/youtube-player": {
      "version": "5.5.2",
      "resolved": "https://registry.npmjs.org/youtube-player/-/youtube-player-5.5.2.tgz",
      "integrity": "sha512-ZGtsemSpXnDky2AUYWgxjaopgB+shFHgXVpiJFeNB5nWEugpW1KWYDaHKuLqh2b67r24GtP6HoSW5swvf0fFIQ==",
      "dependencies": {
        "debug": "^2.6.6",
        "load-script": "^1.0.0",
        "sister": "^3.0.0"
      }
    }
  },
  "dependencies": {
    "@fortawesome/fontawesome-common-types": {
      "version": "6.1.1",
      "resolved": "https://registry.npmjs.org/@fortawesome/fontawesome-common-types/-/fontawesome-common-types-6.1.1.tgz",
      "integrity": "sha512-wVn5WJPirFTnzN6tR95abCx+ocH+3IFLXAgyavnf9hUmN0CfWoDjPT/BAWsUVwSlYYVBeCLJxaqi7ZGe4uSjBA==",
      "peer": true
    },
    "@fortawesome/fontawesome-free": {
      "version": "6.1.1",
      "resolved": "https://registry.npmjs.org/@fortawesome/fontawesome-free/-/fontawesome-free-6.1.1.tgz",
      "integrity": "sha512-J/3yg2AIXc9wznaVqpHVX3Wa5jwKovVF0AMYSnbmcXTiL3PpRPfF58pzWucCwEiCJBp+hCNRLWClTomD8SseKg=="
    },
    "@fortawesome/fontawesome-free-solid": {
      "version": "5.0.13",
      "resolved": "https://registry.npmjs.org/@fortawesome/fontawesome-free-solid/-/fontawesome-free-solid-5.0.13.tgz",
      "integrity": "sha512-b+krVnqkdDt52Yfev0x0ZZgtxBQsLw00Zfa3uaVWIDzpNZVtrEXuxldUSUaN/ihgGhSNi8VpvDAdNPVgCKOSxw==",
      "requires": {
        "@fortawesome/fontawesome-common-types": "^0.1.7"
      },
      "dependencies": {
        "@fortawesome/fontawesome-common-types": {
          "version": "0.1.7",
          "resolved": "https://registry.npmjs.org/@fortawesome/fontawesome-common-types/-/fontawesome-common-types-0.1.7.tgz",
          "integrity": "sha512-ego8jRVSHfq/iq4KRZJKQeUAdi3ZjGNrqw4oPN3fNdvTBnLCSntwVCnc37bsAJP9UB8MhrTfPnZYxkv2vpS4pg=="
        }
      }
    },
    "@fortawesome/fontawesome-svg-core": {
      "version": "6.1.1",
      "resolved": "https://registry.npmjs.org/@fortawesome/fontawesome-svg-core/-/fontawesome-svg-core-6.1.1.tgz",
      "integrity": "sha512-NCg0w2YIp81f4V6cMGD9iomfsIj7GWrqmsa0ZsPh59G7PKiGN1KymZNxmF00ssuAlo/VZmpK6xazsGOwzKYUMg==",
      "peer": true,
      "requires": {
        "@fortawesome/fontawesome-common-types": "6.1.1"
      }
    },
    "@fortawesome/react-fontawesome": {
      "version": "0.1.18",
      "resolved": "https://registry.npmjs.org/@fortawesome/react-fontawesome/-/react-fontawesome-0.1.18.tgz",
      "integrity": "sha512-RwLIB4TZw0M9gvy5u+TusAA0afbwM4JQIimNH/j3ygd6aIvYPQLqXMhC9ErY26J23rDPyDZldIfPq/HpTTJ/tQ==",
      "requires": {
        "prop-types": "^15.8.1"
      }
    },
    "debug": {
      "version": "2.6.9",
      "resolved": "https://registry.npmjs.org/debug/-/debug-2.6.9.tgz",
      "integrity": "sha512-bC7ElrdJaJnPbAP+1EotYvqZsb3ecl5wi6Bfi6BJTUcNowp6cvspg0jXznRTKDjm/E7AdgFBVeAPVMNcKGsHMA==",
      "requires": {
        "ms": "2.0.0"
      }
    },
    "fast-deep-equal": {
      "version": "3.1.3",
      "resolved": "https://registry.npmjs.org/fast-deep-equal/-/fast-deep-equal-3.1.3.tgz",
      "integrity": "sha512-f3qQ9oQy9j2AhBe/H9VC91wLmKBCCU/gDOnKNAYG5hswO7BLKj09Hc5HYNz9cGI++xlpDCIgDaitVs03ATR84Q=="
    },
    "js-tokens": {
      "version": "4.0.0",
      "resolved": "https://registry.npmjs.org/js-tokens/-/js-tokens-4.0.0.tgz",
      "integrity": "sha512-RdJUflcE3cUzKiMqQgsCu06FPu9UdIJO0beYbPhHN4k6apgJtifcoCtT9bcxOpYBtpD2kCM6Sbzg4CausW/PKQ=="
    },
    "load-script": {
      "version": "1.0.0",
      "resolved": "https://registry.npmjs.org/load-script/-/load-script-1.0.0.tgz",
      "integrity": "sha1-BJGTngvuVkPuSUp+PaPSuscMbKQ="
    },
    "loose-envify": {
      "version": "1.4.0",
      "resolved": "https://registry.npmjs.org/loose-envify/-/loose-envify-1.4.0.tgz",
      "integrity": "sha512-lyuxPGr/Wfhrlem2CL/UcnUc1zcqKAImBDzukY7Y5F/yQiNdko6+fRLevlw1HgMySw7f611UIY408EtxRSoK3Q==",
      "requires": {
        "js-tokens": "^3.0.0 || ^4.0.0"
      }
    },
    "ms": {
      "version": "2.0.0",
      "resolved": "https://registry.npmjs.org/ms/-/ms-2.0.0.tgz",
      "integrity": "sha1-VgiurfwAvmwpAd9fmGF4jeDVl8g="
    },
    "object-assign": {
      "version": "4.1.1",
      "resolved": "https://registry.npmjs.org/object-assign/-/object-assign-4.1.1.tgz",
      "integrity": "sha1-IQmtx5ZYh8/AXLvUQsrIv7s2CGM="
    },
    "prop-types": {
      "version": "15.8.1",
      "resolved": "https://registry.npmjs.org/prop-types/-/prop-types-15.8.1.tgz",
      "integrity": "sha512-oj87CgZICdulUohogVAR7AjlC0327U4el4L6eAvOqCeudMDVU0NThNaV+b9Df4dXgSP1gXMTnPdhfe/2qDH5cg==",
      "requires": {
        "loose-envify": "^1.4.0",
        "object-assign": "^4.1.1",
        "react-is": "^16.13.1"
      }
    },
    "react": {
      "version": "16.14.0",
      "resolved": "https://registry.npmjs.org/react/-/react-16.14.0.tgz",
      "integrity": "sha512-0X2CImDkJGApiAlcf0ODKIneSwBPhqJawOa5wCtKbu7ZECrmS26NvtSILynQ66cgkT/RJ4LidJOc3bUESwmU8g==",
      "peer": true,
      "requires": {
        "loose-envify": "^1.1.0",
        "object-assign": "^4.1.1",
        "prop-types": "^15.6.2"
      }
    },
    "react-is": {
      "version": "16.13.1",
      "resolved": "https://registry.npmjs.org/react-is/-/react-is-16.13.1.tgz",
      "integrity": "sha512-24e6ynE2H+OKt4kqsOvNd8kBpV65zoxbA4BVsEOB3ARVWQki/DHzaUoC5KuON/BiccDaCCTZBuOcfZs70kR8bQ=="
    },
    "react-youtube": {
      "version": "9.0.1",
      "resolved": "https://registry.npmjs.org/react-youtube/-/react-youtube-9.0.1.tgz",
      "integrity": "sha512-w2yt3o1H0fjlMjoqn8zEmtCqgiV+bYS1JfMSUfh70zky2rwWVORQzpt2DWoDio1+nZ1X9kSTzakdif6gaJdFuQ==",
      "requires": {
        "fast-deep-equal": "3.1.3",
        "prop-types": "15.8.1",
        "youtube-player": "5.5.2"
      }
    },
    "sister": {
      "version": "3.0.2",
      "resolved": "https://registry.npmjs.org/sister/-/sister-3.0.2.tgz",
      "integrity": "sha512-p19rtTs+NksBRKW9qn0UhZ8/TUI9BPw9lmtHny+Y3TinWlOa9jWh9xB0AtPSdmOy49NJJJSSe0Ey4C7h0TrcYA=="
    },
    "youtube-player": {
      "version": "5.5.2",
      "resolved": "https://registry.npmjs.org/youtube-player/-/youtube-player-5.5.2.tgz",
      "integrity": "sha512-ZGtsemSpXnDky2AUYWgxjaopgB+shFHgXVpiJFeNB5nWEugpW1KWYDaHKuLqh2b67r24GtP6HoSW5swvf0fFIQ==",
      "requires": {
        "debug": "^2.6.6",
        "load-script": "^1.0.0",
        "sister": "^3.0.0"
      }
    }
  }
}
